// !$*UTF8*$!
{
	archiveVersion = 1;
	classes = {
	};
	objectVersion = 50;
	objects = {

/* Begin PBXBuildFile section */
		181D45FE247774D30038F6F3 /* AppDelegate.swift in Sources */ = {isa = PBXBuildFile; fileRef = 181D45FD247774D30038F6F3 /* AppDelegate.swift */; };
		181D4600247774D30038F6F3 /* ViewController.swift in Sources */ = {isa = PBXBuildFile; fileRef = 181D45FF247774D30038F6F3 /* ViewController.swift */; };
		181D4602247774D80038F6F3 /* Assets.xcassets in Resources */ = {isa = PBXBuildFile; fileRef = 181D4601247774D80038F6F3 /* Assets.xcassets */; };
		181D4605247774D80038F6F3 /* Main.storyboard in Resources */ = {isa = PBXBuildFile; fileRef = 181D4603247774D80038F6F3 /* Main.storyboard */; };
		181D4611247774D90038F6F3 /* XcodeSourceEditTests.swift in Sources */ = {isa = PBXBuildFile; fileRef = 181D4610247774D90038F6F3 /* XcodeSourceEditTests.swift */; };
		181D461C247774D90038F6F3 /* XcodeSourceEditUITests.swift in Sources */ = {isa = PBXBuildFile; fileRef = 181D461B247774D90038F6F3 /* XcodeSourceEditUITests.swift */; };
		181D4630247775560038F6F3 /* Cocoa.framework in Frameworks */ = {isa = PBXBuildFile; fileRef = 181D462F247775560038F6F3 /* Cocoa.framework */; };
		181D4633247775570038F6F3 /* SourceEditorExtension.swift in Sources */ = {isa = PBXBuildFile; fileRef = 181D4632247775560038F6F3 /* SourceEditorExtension.swift */; };
		181D4635247775570038F6F3 /* SourceEditorCommand.swift in Sources */ = {isa = PBXBuildFile; fileRef = 181D4634247775570038F6F3 /* SourceEditorCommand.swift */; };
		181D463A247775570038F6F3 /* GMLXcodeSourceEdit.appex in Embed App Extensions */ = {isa = PBXBuildFile; fileRef = 181D462D247775560038F6F3 /* GMLXcodeSourceEdit.appex */; settings = {ATTRIBUTES = (RemoveHeadersOnCopy, ); }; };
		181D46432477C29D0038F6F3 /* CopyEditorCommand.swift in Sources */ = {isa = PBXBuildFile; fileRef = 181D46422477C29D0038F6F3 /* CopyEditorCommand.swift */; };
		181D46452477C7F20038F6F3 /* GetMethodBuilder.swift in Sources */ = {isa = PBXBuildFile; fileRef = 181D46442477C7F20038F6F3 /* GetMethodBuilder.swift */; };
		181D46492477C9060038F6F3 /* FileAnalysis.swift in Sources */ = {isa = PBXBuildFile; fileRef = 181D46482477C9060038F6F3 /* FileAnalysis.swift */; };
		181D464C2477CA150038F6F3 /* ClassProtocol.swift in Sources */ = {isa = PBXBuildFile; fileRef = 181D464B2477CA150038F6F3 /* ClassProtocol.swift */; };
/* End PBXBuildFile section */

/* Begin PBXContainerItemProxy section */
		181D460D247774D80038F6F3 /* PBXContainerItemProxy */ = {
			isa = PBXContainerItemProxy;
			containerPortal = 181D45F2247774D30038F6F3 /* Project object */;
			proxyType = 1;
			remoteGlobalIDString = 181D45F9247774D30038F6F3;
			remoteInfo = XcodeSourceEdit;
		};
		181D4618247774D90038F6F3 /* PBXContainerItemProxy */ = {
			isa = PBXContainerItemProxy;
			containerPortal = 181D45F2247774D30038F6F3 /* Project object */;
			proxyType = 1;
			remoteGlobalIDString = 181D45F9247774D30038F6F3;
			remoteInfo = XcodeSourceEdit;
		};
		181D4638247775570038F6F3 /* PBXContainerItemProxy */ = {
			isa = PBXContainerItemProxy;
			containerPortal = 181D45F2247774D30038F6F3 /* Project object */;
			proxyType = 1;
			remoteGlobalIDString = 181D462C247775560038F6F3;
			remoteInfo = GMLXcodeSourceEdit;
		};
/* End PBXContainerItemProxy section */

/* Begin PBXCopyFilesBuildPhase section */
		181D463E247775570038F6F3 /* Embed App Extensions */ = {
			isa = PBXCopyFilesBuildPhase;
			buildActionMask = 2147483647;
			dstPath = "";
			dstSubfolderSpec = 13;
			files = (
				181D463A247775570038F6F3 /* GMLXcodeSourceEdit.appex in Embed App Extensions */,
			);
			name = "Embed App Extensions";
			runOnlyForDeploymentPostprocessing = 0;
		};
/* End PBXCopyFilesBuildPhase section */

/* Begin PBXFileReference section */
		181D45FA247774D30038F6F3 /* XcodeSourceEditContainer.app */ = {isa = PBXFileReference; explicitFileType = wrapper.application; includeInIndex = 0; path = XcodeSourceEditContainer.app; sourceTree = BUILT_PRODUCTS_DIR; };
		181D45FD247774D30038F6F3 /* AppDelegate.swift */ = {isa = PBXFileReference; lastKnownFileType = sourcecode.swift; path = AppDelegate.swift; sourceTree = "<group>"; };
		181D45FF247774D30038F6F3 /* ViewController.swift */ = {isa = PBXFileReference; lastKnownFileType = sourcecode.swift; path = ViewController.swift; sourceTree = "<group>"; };
		181D4601247774D80038F6F3 /* Assets.xcassets */ = {isa = PBXFileReference; lastKnownFileType = folder.assetcatalog; path = Assets.xcassets; sourceTree = "<group>"; };
		181D4604247774D80038F6F3 /* Base */ = {isa = PBXFileReference; lastKnownFileType = file.storyboard; name = Base; path = Base.lproj/Main.storyboard; sourceTree = "<group>"; };
		181D4606247774D80038F6F3 /* Info.plist */ = {isa = PBXFileReference; lastKnownFileType = text.plist.xml; path = Info.plist; sourceTree = "<group>"; };
		181D4607247774D80038F6F3 /* XcodeSourceEdit.entitlements */ = {isa = PBXFileReference; lastKnownFileType = text.plist.entitlements; path = XcodeSourceEdit.entitlements; sourceTree = "<group>"; };
		181D460C247774D80038F6F3 /* XcodeSourceEditTests.xctest */ = {isa = PBXFileReference; explicitFileType = wrapper.cfbundle; includeInIndex = 0; path = XcodeSourceEditTests.xctest; sourceTree = BUILT_PRODUCTS_DIR; };
		181D4610247774D90038F6F3 /* XcodeSourceEditTests.swift */ = {isa = PBXFileReference; lastKnownFileType = sourcecode.swift; path = XcodeSourceEditTests.swift; sourceTree = "<group>"; };
		181D4612247774D90038F6F3 /* Info.plist */ = {isa = PBXFileReference; lastKnownFileType = text.plist.xml; path = Info.plist; sourceTree = "<group>"; };
		181D4617247774D90038F6F3 /* XcodeSourceEditUITests.xctest */ = {isa = PBXFileReference; explicitFileType = wrapper.cfbundle; includeInIndex = 0; path = XcodeSourceEditUITests.xctest; sourceTree = BUILT_PRODUCTS_DIR; };
		181D461B247774D90038F6F3 /* XcodeSourceEditUITests.swift */ = {isa = PBXFileReference; lastKnownFileType = sourcecode.swift; path = XcodeSourceEditUITests.swift; sourceTree = "<group>"; };
		181D461D247774D90038F6F3 /* Info.plist */ = {isa = PBXFileReference; lastKnownFileType = text.plist.xml; path = Info.plist; sourceTree = "<group>"; };
		181D462D247775560038F6F3 /* GMLXcodeSourceEdit.appex */ = {isa = PBXFileReference; explicitFileType = "wrapper.app-extension"; includeInIndex = 0; path = GMLXcodeSourceEdit.appex; sourceTree = BUILT_PRODUCTS_DIR; };
		181D462F247775560038F6F3 /* Cocoa.framework */ = {isa = PBXFileReference; lastKnownFileType = wrapper.framework; name = Cocoa.framework; path = System/Library/Frameworks/Cocoa.framework; sourceTree = SDKROOT; };
		181D4632247775560038F6F3 /* SourceEditorExtension.swift */ = {isa = PBXFileReference; lastKnownFileType = sourcecode.swift; path = SourceEditorExtension.swift; sourceTree = "<group>"; };
		181D4634247775570038F6F3 /* SourceEditorCommand.swift */ = {isa = PBXFileReference; lastKnownFileType = sourcecode.swift; path = SourceEditorCommand.swift; sourceTree = "<group>"; };
		181D4636247775570038F6F3 /* Info.plist */ = {isa = PBXFileReference; lastKnownFileType = text.plist.xml; path = Info.plist; sourceTree = "<group>"; };
		181D4637247775570038F6F3 /* GMLXcodeSourceEdit.entitlements */ = {isa = PBXFileReference; lastKnownFileType = text.plist.entitlements; path = GMLXcodeSourceEdit.entitlements; sourceTree = "<group>"; };
		181D46422477C29D0038F6F3 /* CopyEditorCommand.swift */ = {isa = PBXFileReference; fileEncoding = 4; lastKnownFileType = sourcecode.swift; path = CopyEditorCommand.swift; sourceTree = "<group>"; };
		181D46442477C7F20038F6F3 /* GetMethodBuilder.swift */ = {isa = PBXFileReference; lastKnownFileType = sourcecode.swift; path = GetMethodBuilder.swift; sourceTree = "<group>"; };
		181D46482477C9060038F6F3 /* FileAnalysis.swift */ = {isa = PBXFileReference; lastKnownFileType = sourcecode.swift; path = FileAnalysis.swift; sourceTree = "<group>"; };
		181D464B2477CA150038F6F3 /* ClassProtocol.swift */ = {isa = PBXFileReference; lastKnownFileType = sourcecode.swift; path = ClassProtocol.swift; sourceTree = "<group>"; };
/* End PBXFileReference section */

/* Begin PBXFrameworksBuildPhase section */
		181D45F7247774D30038F6F3 /* Frameworks */ = {
			isa = PBXFrameworksBuildPhase;
			buildActionMask = 2147483647;
			files = (
			);
			runOnlyForDeploymentPostprocessing = 0;
		};
		181D4609247774D80038F6F3 /* Frameworks */ = {
			isa = PBXFrameworksBuildPhase;
			buildActionMask = 2147483647;
			files = (
			);
			runOnlyForDeploymentPostprocessing = 0;
		};
		181D4614247774D90038F6F3 /* Frameworks */ = {
			isa = PBXFrameworksBuildPhase;
			buildActionMask = 2147483647;
			files = (
			);
			runOnlyForDeploymentPostprocessing = 0;
		};
		181D462A247775560038F6F3 /* Frameworks */ = {
			isa = PBXFrameworksBuildPhase;
			buildActionMask = 2147483647;
			files = (
				181D4630247775560038F6F3 /* Cocoa.framework in Frameworks */,
			);
			runOnlyForDeploymentPostprocessing = 0;
		};
/* End PBXFrameworksBuildPhase section */

/* Begin PBXGroup section */
		181D45F1247774D30038F6F3 = {
			isa = PBXGroup;
			children = (
				181D45FC247774D30038F6F3 /* XcodeSourceEdit */,
				181D460F247774D90038F6F3 /* XcodeSourceEditTests */,
				181D461A247774D90038F6F3 /* XcodeSourceEditUITests */,
				181D4631247775560038F6F3 /* GMLXcodeSourceEdit */,
				181D462E247775560038F6F3 /* Frameworks */,
				181D45FB247774D30038F6F3 /* Products */,
			);
			sourceTree = "<group>";
		};
		181D45FB247774D30038F6F3 /* Products */ = {
			isa = PBXGroup;
			children = (
				181D45FA247774D30038F6F3 /* XcodeSourceEditContainer.app */,
				181D460C247774D80038F6F3 /* XcodeSourceEditTests.xctest */,
				181D4617247774D90038F6F3 /* XcodeSourceEditUITests.xctest */,
				181D462D247775560038F6F3 /* GMLXcodeSourceEdit.appex */,
			);
			name = Products;
			sourceTree = "<group>";
		};
		181D45FC247774D30038F6F3 /* XcodeSourceEdit */ = {
			isa = PBXGroup;
			children = (
				181D45FD247774D30038F6F3 /* AppDelegate.swift */,
				181D45FF247774D30038F6F3 /* ViewController.swift */,
				181D4601247774D80038F6F3 /* Assets.xcassets */,
				181D4603247774D80038F6F3 /* Main.storyboard */,
				181D4606247774D80038F6F3 /* Info.plist */,
				181D4607247774D80038F6F3 /* XcodeSourceEdit.entitlements */,
			);
			path = XcodeSourceEdit;
			sourceTree = "<group>";
		};
		181D460F247774D90038F6F3 /* XcodeSourceEditTests */ = {
			isa = PBXGroup;
			children = (
				181D4610247774D90038F6F3 /* XcodeSourceEditTests.swift */,
				181D4612247774D90038F6F3 /* Info.plist */,
			);
			path = XcodeSourceEditTests;
			sourceTree = "<group>";
		};
		181D461A247774D90038F6F3 /* XcodeSourceEditUITests */ = {
			isa = PBXGroup;
			children = (
				181D461B247774D90038F6F3 /* XcodeSourceEditUITests.swift */,
				181D461D247774D90038F6F3 /* Info.plist */,
			);
			path = XcodeSourceEditUITests;
			sourceTree = "<group>";
		};
		181D462E247775560038F6F3 /* Frameworks */ = {
			isa = PBXGroup;
			children = (
				181D462F247775560038F6F3 /* Cocoa.framework */,
			);
			name = Frameworks;
			sourceTree = "<group>";
		};
		181D4631247775560038F6F3 /* GMLXcodeSourceEdit */ = {
			isa = PBXGroup;
			children = (
				181D4632247775560038F6F3 /* SourceEditorExtension.swift */,
				181D4634247775570038F6F3 /* SourceEditorCommand.swift */,
				181D46462477C8760038F6F3 /* Module */,
				181D46412477C29D0038F6F3 /* Tools */,
				181D4636247775570038F6F3 /* Info.plist */,
				181D4637247775570038F6F3 /* GMLXcodeSourceEdit.entitlements */,
			);
			path = GMLXcodeSourceEdit;
			sourceTree = "<group>";
		};
		181D46412477C29D0038F6F3 /* Tools */ = {
			isa = PBXGroup;
			children = (
				181D46422477C29D0038F6F3 /* CopyEditorCommand.swift */,
				181D46442477C7F20038F6F3 /* GetMethodBuilder.swift */,
			);
			path = Tools;
			sourceTree = "<group>";
		};
		181D46462477C8760038F6F3 /* Module */ = {
			isa = PBXGroup;
			children = (
				181D464A2477C9F10038F6F3 /* ClassAnalysis */,
				181D46472477C8900038F6F3 /* FileAnalysis */,
			);
			path = Module;
			sourceTree = "<group>";
		};
		181D46472477C8900038F6F3 /* FileAnalysis */ = {
			isa = PBXGroup;
			children = (
				181D46482477C9060038F6F3 /* FileAnalysis.swift */,
			);
			path = FileAnalysis;
			sourceTree = "<group>";
		};
		181D464A2477C9F10038F6F3 /* ClassAnalysis */ = {
			isa = PBXGroup;
			children = (
				181D464B2477CA150038F6F3 /* ClassProtocol.swift */,
			);
			path = ClassAnalysis;
			sourceTree = "<group>";
		};
/* End PBXGroup section */

/* Begin PBXNativeTarget section */
		181D45F9247774D30038F6F3 /* XcodeSourceEditContainer */ = {
			isa = PBXNativeTarget;
			buildConfigurationList = 181D4620247774D90038F6F3 /* Build configuration list for PBXNativeTarget "XcodeSourceEditContainer" */;
			buildPhases = (
				181D45F6247774D30038F6F3 /* Sources */,
				181D45F7247774D30038F6F3 /* Frameworks */,
				181D45F8247774D30038F6F3 /* Resources */,
				181D463E247775570038F6F3 /* Embed App Extensions */,
			);
			buildRules = (
			);
			dependencies = (
				181D4639247775570038F6F3 /* PBXTargetDependency */,
			);
			name = XcodeSourceEditContainer;
			productName = XcodeSourceEdit;
			productReference = 181D45FA247774D30038F6F3 /* XcodeSourceEditContainer.app */;
			productType = "com.apple.product-type.application";
		};
		181D460B247774D80038F6F3 /* XcodeSourceEditTests */ = {
			isa = PBXNativeTarget;
			buildConfigurationList = 181D4623247774D90038F6F3 /* Build configuration list for PBXNativeTarget "XcodeSourceEditTests" */;
			buildPhases = (
				181D4608247774D80038F6F3 /* Sources */,
				181D4609247774D80038F6F3 /* Frameworks */,
				181D460A247774D80038F6F3 /* Resources */,
			);
			buildRules = (
			);
			dependencies = (
				181D460E247774D80038F6F3 /* PBXTargetDependency */,
			);
			name = XcodeSourceEditTests;
			productName = XcodeSourceEditTests;
			productReference = 181D460C247774D80038F6F3 /* XcodeSourceEditTests.xctest */;
			productType = "com.apple.product-type.bundle.unit-test";
		};
		181D4616247774D90038F6F3 /* XcodeSourceEditUITests */ = {
			isa = PBXNativeTarget;
			buildConfigurationList = 181D4626247774D90038F6F3 /* Build configuration list for PBXNativeTarget "XcodeSourceEditUITests" */;
			buildPhases = (
				181D4613247774D90038F6F3 /* Sources */,
				181D4614247774D90038F6F3 /* Frameworks */,
				181D4615247774D90038F6F3 /* Resources */,
			);
			buildRules = (
			);
			dependencies = (
				181D4619247774D90038F6F3 /* PBXTargetDependency */,
			);
			name = XcodeSourceEditUITests;
			productName = XcodeSourceEditUITests;
			productReference = 181D4617247774D90038F6F3 /* XcodeSourceEditUITests.xctest */;
			productType = "com.apple.product-type.bundle.ui-testing";
		};
		181D462C247775560038F6F3 /* GMLXcodeSourceEdit */ = {
			isa = PBXNativeTarget;
			buildConfigurationList = 181D463B247775570038F6F3 /* Build configuration list for PBXNativeTarget "GMLXcodeSourceEdit" */;
			buildPhases = (
				181D4629247775560038F6F3 /* Sources */,
				181D462A247775560038F6F3 /* Frameworks */,
				181D462B247775560038F6F3 /* Resources */,
			);
			buildRules = (
			);
			dependencies = (
			);
			name = GMLXcodeSourceEdit;
			productName = GMLXcodeSourceEdit;
			productReference = 181D462D247775560038F6F3 /* GMLXcodeSourceEdit.appex */;
			productType = "com.apple.product-type.xcode-extension";
		};
/* End PBXNativeTarget section */

/* Begin PBXProject section */
		181D45F2247774D30038F6F3 /* Project object */ = {
			isa = PBXProject;
			attributes = {
				LastSwiftUpdateCheck = 1140;
				LastUpgradeCheck = 1140;
				ORGANIZATIONNAME = GML;
				TargetAttributes = {
					181D45F9247774D30038F6F3 = {
						CreatedOnToolsVersion = 11.4;
					};
					181D460B247774D80038F6F3 = {
						CreatedOnToolsVersion = 11.4;
						TestTargetID = 181D45F9247774D30038F6F3;
					};
					181D4616247774D90038F6F3 = {
						CreatedOnToolsVersion = 11.4;
						TestTargetID = 181D45F9247774D30038F6F3;
					};
					181D462C247775560038F6F3 = {
						CreatedOnToolsVersion = 11.4;
					};
				};
			};
			buildConfigurationList = 181D45F5247774D30038F6F3 /* Build configuration list for PBXProject "XcodeSourceEdit" */;
			compatibilityVersion = "Xcode 9.3";
			developmentRegion = en;
			hasScannedForEncodings = 0;
			knownRegions = (
				en,
				Base,
			);
			mainGroup = 181D45F1247774D30038F6F3;
			productRefGroup = 181D45FB247774D30038F6F3 /* Products */;
			projectDirPath = "";
			projectRoot = "";
			targets = (
				181D45F9247774D30038F6F3 /* XcodeSourceEditContainer */,
				181D460B247774D80038F6F3 /* XcodeSourceEditTests */,
				181D4616247774D90038F6F3 /* XcodeSourceEditUITests */,
				181D462C247775560038F6F3 /* GMLXcodeSourceEdit */,
			);
		};
/* End PBXProject section */

/* Begin PBXResourcesBuildPhase section */
		181D45F8247774D30038F6F3 /* Resources */ = {
			isa = PBXResourcesBuildPhase;
			buildActionMask = 2147483647;
			files = (
				181D4602247774D80038F6F3 /* Assets.xcassets in Resources */,
				181D4605247774D80038F6F3 /* Main.storyboard in Resources */,
			);
			runOnlyForDeploymentPostprocessing = 0;
		};
		181D460A247774D80038F6F3 /* Resources */ = {
			isa = PBXResourcesBuildPhase;
			buildActionMask = 2147483647;
			files = (
			);
			runOnlyForDeploymentPostprocessing = 0;
		};
		181D4615247774D90038F6F3 /* Resources */ = {
			isa = PBXResourcesBuildPhase;
			buildActionMask = 2147483647;
			files = (
			);
			runOnlyForDeploymentPostprocessing = 0;
		};
		181D462B247775560038F6F3 /* Resources */ = {
			isa = PBXResourcesBuildPhase;
			buildActionMask = 2147483647;
			files = (
			);
			runOnlyForDeploymentPostprocessing = 0;
		};
/* End PBXResourcesBuildPhase section */

/* Begin PBXSourcesBuildPhase section */
		181D45F6247774D30038F6F3 /* Sources */ = {
			isa = PBXSourcesBuildPhase;
			buildActionMask = 2147483647;
			files = (
				181D4600247774D30038F6F3 /* ViewController.swift in Sources */,
				181D45FE247774D30038F6F3 /* AppDelegate.swift in Sources */,
			);
			runOnlyForDeploymentPostprocessing = 0;
		};
		181D4608247774D80038F6F3 /* Sources */ = {
			isa = PBXSourcesBuildPhase;
			buildActionMask = 2147483647;
			files = (
				181D4611247774D90038F6F3 /* XcodeSourceEditTests.swift in Sources */,
			);
			runOnlyForDeploymentPostprocessing = 0;
		};
		181D4613247774D90038F6F3 /* Sources */ = {
			isa = PBXSourcesBuildPhase;
			buildActionMask = 2147483647;
			files = (
				181D461C247774D90038F6F3 /* XcodeSourceEditUITests.swift in Sources */,
			);
			runOnlyForDeploymentPostprocessing = 0;
		};
		181D4629247775560038F6F3 /* Sources */ = {
			isa = PBXSourcesBuildPhase;
			buildActionMask = 2147483647;
			files = (
				181D464C2477CA150038F6F3 /* ClassProtocol.swift in Sources */,
				181D4633247775570038F6F3 /* SourceEditorExtension.swift in Sources */,
				181D46452477C7F20038F6F3 /* GetMethodBuilder.swift in Sources */,
				181D4635247775570038F6F3 /* SourceEditorCommand.swift in Sources */,
				181D46432477C29D0038F6F3 /* CopyEditorCommand.swift in Sources */,
				181D46492477C9060038F6F3 /* FileAnalysis.swift in Sources */,
			);
			runOnlyForDeploymentPostprocessing = 0;
		};
/* End PBXSourcesBuildPhase section */

/* Begin PBXTargetDependency section */
		181D460E247774D80038F6F3 /* PBXTargetDependency */ = {
			isa = PBXTargetDependency;
			target = 181D45F9247774D30038F6F3 /* XcodeSourceEditContainer */;
			targetProxy = 181D460D247774D80038F6F3 /* PBXContainerItemProxy */;
		};
		181D4619247774D90038F6F3 /* PBXTargetDependency */ = {
			isa = PBXTargetDependency;
			target = 181D45F9247774D30038F6F3 /* XcodeSourceEditContainer */;
			targetProxy = 181D4618247774D90038F6F3 /* PBXContainerItemProxy */;
		};
		181D4639247775570038F6F3 /* PBXTargetDependency */ = {
			isa = PBXTargetDependency;
			target = 181D462C247775560038F6F3 /* GMLXcodeSourceEdit */;
			targetProxy = 181D4638247775570038F6F3 /* PBXContainerItemProxy */;
		};
/* End PBXTargetDependency section */

/* Begin PBXVariantGroup section */
		181D4603247774D80038F6F3 /* Main.storyboard */ = {
			isa = PBXVariantGroup;
			children = (
				181D4604247774D80038F6F3 /* Base */,
			);
			name = Main.storyboard;
			sourceTree = "<group>";
		};
/* End PBXVariantGroup section */

/* Begin XCBuildConfiguration section */
		181D461E247774D90038F6F3 /* Debug */ = {
			isa = XCBuildConfiguration;
			buildSettings = {
				ALWAYS_SEARCH_USER_PATHS = NO;
				CLANG_ANALYZER_NONNULL = YES;
				CLANG_ANALYZER_NUMBER_OBJECT_CONVERSION = YES_AGGRESSIVE;
				CLANG_CXX_LANGUAGE_STANDARD = "gnu++14";
				CLANG_CXX_LIBRARY = "libc++";
				CLANG_ENABLE_MODULES = YES;
				CLANG_ENABLE_OBJC_ARC = YES;
				CLANG_ENABLE_OBJC_WEAK = YES;
				CLANG_WARN_BLOCK_CAPTURE_AUTORELEASING = YES;
				CLANG_WARN_BOOL_CONVERSION = YES;
				CLANG_WARN_COMMA = YES;
				CLANG_WARN_CONSTANT_CONVERSION = YES;
				CLANG_WARN_DEPRECATED_OBJC_IMPLEMENTATIONS = YES;
				CLANG_WARN_DIRECT_OBJC_ISA_USAGE = YES_ERROR;
				CLANG_WARN_DOCUMENTATION_COMMENTS = YES;
				CLANG_WARN_EMPTY_BODY = YES;
				CLANG_WARN_ENUM_CONVERSION = YES;
				CLANG_WARN_INFINITE_RECURSION = YES;
				CLANG_WARN_INT_CONVERSION = YES;
				CLANG_WARN_NON_LITERAL_NULL_CONVERSION = YES;
				CLANG_WARN_OBJC_IMPLICIT_RETAIN_SELF = YES;
				CLANG_WARN_OBJC_LITERAL_CONVERSION = YES;
				CLANG_WARN_OBJC_ROOT_CLASS = YES_ERROR;
				CLANG_WARN_RANGE_LOOP_ANALYSIS = YES;
				CLANG_WARN_STRICT_PROTOTYPES = YES;
				CLANG_WARN_SUSPICIOUS_MOVE = YES;
				CLANG_WARN_UNGUARDED_AVAILABILITY = YES_AGGRESSIVE;
				CLANG_WARN_UNREACHABLE_CODE = YES;
				CLANG_WARN__DUPLICATE_METHOD_MATCH = YES;
				COPY_PHASE_STRIP = NO;
				DEBUG_INFORMATION_FORMAT = dwarf;
				ENABLE_STRICT_OBJC_MSGSEND = YES;
				ENABLE_TESTABILITY = YES;
				GCC_C_LANGUAGE_STANDARD = gnu11;
				GCC_DYNAMIC_NO_PIC = NO;
				GCC_NO_COMMON_BLOCKS = YES;
				GCC_OPTIMIZATION_LEVEL = 0;
				GCC_PREPROCESSOR_DEFINITIONS = (
					"DEBUG=1",
					"$(inherited)",
				);
				GCC_WARN_64_TO_32_BIT_CONVERSION = YES;
				GCC_WARN_ABOUT_RETURN_TYPE = YES_ERROR;
				GCC_WARN_UNDECLARED_SELECTOR = YES;
				GCC_WARN_UNINITIALIZED_AUTOS = YES_AGGRESSIVE;
				GCC_WARN_UNUSED_FUNCTION = YES;
				GCC_WARN_UNUSED_VARIABLE = YES;
				MACOSX_DEPLOYMENT_TARGET = 10.15;
				MTL_ENABLE_DEBUG_INFO = INCLUDE_SOURCE;
				MTL_FAST_MATH = YES;
				ONLY_ACTIVE_ARCH = YES;
				SDKROOT = macosx;
				SWIFT_ACTIVE_COMPILATION_CONDITIONS = DEBUG;
				SWIFT_OPTIMIZATION_LEVEL = "-Onone";
			};
			name = Debug;
		};
		181D461F247774D90038F6F3 /* Release */ = {
			isa = XCBuildConfiguration;
			buildSettings = {
				ALWAYS_SEARCH_USER_PATHS = NO;
				CLANG_ANALYZER_NONNULL = YES;
				CLANG_ANALYZER_NUMBER_OBJECT_CONVERSION = YES_AGGRESSIVE;
				CLANG_CXX_LANGUAGE_STANDARD = "gnu++14";
				CLANG_CXX_LIBRARY = "libc++";
				CLANG_ENABLE_MODULES = YES;
				CLANG_ENABLE_OBJC_ARC = YES;
				CLANG_ENABLE_OBJC_WEAK = YES;
				CLANG_WARN_BLOCK_CAPTURE_AUTORELEASING = YES;
				CLANG_WARN_BOOL_CONVERSION = YES;
				CLANG_WARN_COMMA = YES;
				CLANG_WARN_CONSTANT_CONVERSION = YES;
				CLANG_WARN_DEPRECATED_OBJC_IMPLEMENTATIONS = YES;
				CLANG_WARN_DIRECT_OBJC_ISA_USAGE = YES_ERROR;
				CLANG_WARN_DOCUMENTATION_COMMENTS = YES;
				CLANG_WARN_EMPTY_BODY = YES;
				CLANG_WARN_ENUM_CONVERSION = YES;
				CLANG_WARN_INFINITE_RECURSION = YES;
				CLANG_WARN_INT_CONVERSION = YES;
				CLANG_WARN_NON_LITERAL_NULL_CONVERSION = YES;
				CLANG_WARN_OBJC_IMPLICIT_RETAIN_SELF = YES;
				CLANG_WARN_OBJC_LITERAL_CONVERSION = YES;
				CLANG_WARN_OBJC_ROOT_CLASS = YES_ERROR;
				CLANG_WARN_RANGE_LOOP_ANALYSIS = YES;
				CLANG_WARN_STRICT_PROTOTYPES = YES;
				CLANG_WARN_SUSPICIOUS_MOVE = YES;
				CLANG_WARN_UNGUARDED_AVAILABILITY = YES_AGGRESSIVE;
				CLANG_WARN_UNREACHABLE_CODE = YES;
				CLANG_WARN__DUPLICATE_METHOD_MATCH = YES;
				COPY_PHASE_STRIP = NO;
				DEBUG_INFORMATION_FORMAT = "dwarf-with-dsym";
				ENABLE_NS_ASSERTIONS = NO;
				ENABLE_STRICT_OBJC_MSGSEND = YES;
				GCC_C_LANGUAGE_STANDARD = gnu11;
				GCC_NO_COMMON_BLOCKS = YES;
				GCC_WARN_64_TO_32_BIT_CONVERSION = YES;
				GCC_WARN_ABOUT_RETURN_TYPE = YES_ERROR;
				GCC_WARN_UNDECLARED_SELECTOR = YES;
				GCC_WARN_UNINITIALIZED_AUTOS = YES_AGGRESSIVE;
				GCC_WARN_UNUSED_FUNCTION = YES;
				GCC_WARN_UNUSED_VARIABLE = YES;
				MACOSX_DEPLOYMENT_TARGET = 10.15;
				MTL_ENABLE_DEBUG_INFO = NO;
				MTL_FAST_MATH = YES;
				SDKROOT = macosx;
				SWIFT_COMPILATION_MODE = wholemodule;
				SWIFT_OPTIMIZATION_LEVEL = "-O";
			};
			name = Release;
		};
		181D4621247774D90038F6F3 /* Debug */ = {
			isa = XCBuildConfiguration;
			buildSettings = {
				ALWAYS_EMBED_SWIFT_STANDARD_LIBRARIES = YES;
				ASSETCATALOG_COMPILER_APPICON_NAME = AppIcon;
				CODE_SIGN_ENTITLEMENTS = XcodeSourceEdit/XcodeSourceEdit.entitlements;
				CODE_SIGN_STYLE = Automatic;
				COMBINE_HIDPI_IMAGES = YES;
				DEVELOPMENT_TEAM = 29W9687J6A;
				ENABLE_HARDENED_RUNTIME = YES;
				INFOPLIST_FILE = XcodeSourceEdit/Info.plist;
				LD_RUNPATH_SEARCH_PATHS = (
					"$(inherited)",
					"@executable_path/../Frameworks",
				);
				PRODUCT_BUNDLE_IDENTIFIER = com.YM.XcodeSourceEdit;
				PRODUCT_NAME = "$(TARGET_NAME)";
				SWIFT_VERSION = 5.0;
			};
			name = Debug;
		};
		181D4622247774D90038F6F3 /* Release */ = {
			isa = XCBuildConfiguration;
			buildSettings = {
				ALWAYS_EMBED_SWIFT_STANDARD_LIBRARIES = YES;
				ASSETCATALOG_COMPILER_APPICON_NAME = AppIcon;
				CODE_SIGN_ENTITLEMENTS = XcodeSourceEdit/XcodeSourceEdit.entitlements;
				CODE_SIGN_STYLE = Automatic;
				COMBINE_HIDPI_IMAGES = YES;
				DEVELOPMENT_TEAM = 29W9687J6A;
				ENABLE_HARDENED_RUNTIME = YES;
				INFOPLIST_FILE = XcodeSourceEdit/Info.plist;
				LD_RUNPATH_SEARCH_PATHS = (
					"$(inherited)",
					"@executable_path/../Frameworks",
				);
				PRODUCT_BUNDLE_IDENTIFIER = com.YM.XcodeSourceEdit;
				PRODUCT_NAME = "$(TARGET_NAME)";
				SWIFT_VERSION = 5.0;
			};
			name = Release;
		};
		181D4624247774D90038F6F3 /* Debug */ = {
			isa = XCBuildConfiguration;
			buildSettings = {
				ALWAYS_EMBED_SWIFT_STANDARD_LIBRARIES = YES;
				BUNDLE_LOADER = "$(TEST_HOST)";
				CODE_SIGN_STYLE = Automatic;
				COMBINE_HIDPI_IMAGES = YES;
				DEVELOPMENT_TEAM = 29W9687J6A;
				INFOPLIST_FILE = XcodeSourceEditTests/Info.plist;
				LD_RUNPATH_SEARCH_PATHS = (
					"$(inherited)",
					"@executable_path/../Frameworks",
					"@loader_path/../Frameworks",
				);
				MACOSX_DEPLOYMENT_TARGET = 10.15;
				PRODUCT_BUNDLE_IDENTIFIER = com.YM.XcodeSourceEditTests;
				PRODUCT_NAME = "$(TARGET_NAME)";
				SWIFT_VERSION = 5.0;
				TEST_HOST = "$(BUILT_PRODUCTS_DIR)/XcodeSourceEdit.app/Contents/MacOS/XcodeSourceEdit";
			};
			name = Debug;
		};
		181D4625247774D90038F6F3 /* Release */ = {
			isa = XCBuildConfiguration;
			buildSettings = {
				ALWAYS_EMBED_SWIFT_STANDARD_LIBRARIES = YES;
				BUNDLE_LOADER = "$(TEST_HOST)";
				CODE_SIGN_STYLE = Automatic;
				COMBINE_HIDPI_IMAGES = YES;
				DEVELOPMENT_TEAM = 29W9687J6A;
				INFOPLIST_FILE = XcodeSourceEditTests/Info.plist;
				LD_RUNPATH_SEARCH_PATHS = (
					"$(inherited)",
					"@executable_path/../Frameworks",
					"@loader_path/../Frameworks",
				);
				MACOSX_DEPLOYMENT_TARGET = 10.15;
				PRODUCT_BUNDLE_IDENTIFIER = com.YM.XcodeSourceEditTests;
				PRODUCT_NAME = "$(TARGET_NAME)";
				SWIFT_VERSION = 5.0;
				TEST_HOST = "$(BUILT_PRODUCTS_DIR)/XcodeSourceEdit.app/Contents/MacOS/XcodeSourceEdit";
			};
			name = Release;
		};
		181D4627247774D90038F6F3 /* Debug */ = {
			isa = XCBuildConfiguration;
			buildSettings = {
				ALWAYS_EMBED_SWIFT_STANDARD_LIBRARIES = YES;
				CODE_SIGN_STYLE = Automatic;
				COMBINE_HIDPI_IMAGES = YES;
				DEVELOPMENT_TEAM = 29W9687J6A;
				INFOPLIST_FILE = XcodeSourceEditUITests/Info.plist;
				LD_RUNPATH_SEARCH_PATHS = (
					"$(inherited)",
					"@executable_path/../Frameworks",
					"@loader_path/../Frameworks",
				);
				PRODUCT_BUNDLE_IDENTIFIER = com.YM.XcodeSourceEditUITests;
				PRODUCT_NAME = "$(TARGET_NAME)";
				SWIFT_VERSION = 5.0;
				TEST_TARGET_NAME = XcodeSourceEdit;
			};
			name = Debug;
		};
		181D4628247774D90038F6F3 /* Release */ = {
			isa = XCBuildConfiguration;
			buildSettings = {
				ALWAYS_EMBED_SWIFT_STANDARD_LIBRARIES = YES;
				CODE_SIGN_STYLE = Automatic;
				COMBINE_HIDPI_IMAGES = YES;
				DEVELOPMENT_TEAM = 29W9687J6A;
				INFOPLIST_FILE = XcodeSourceEditUITests/Info.plist;
				LD_RUNPATH_SEARCH_PATHS = (
					"$(inherited)",
					"@executable_path/../Frameworks",
					"@loader_path/../Frameworks",
				);
				PRODUCT_BUNDLE_IDENTIFIER = com.YM.XcodeSourceEditUITests;
				PRODUCT_NAME = "$(TARGET_NAME)";
				SWIFT_VERSION = 5.0;
				TEST_TARGET_NAME = XcodeSourceEdit;
			};
			name = Release;
		};
		181D463C247775570038F6F3 /* Debug */ = {
			isa = XCBuildConfiguration;
			buildSettings = {
				CODE_SIGN_ENTITLEMENTS = GMLXcodeSourceEdit/GMLXcodeSourceEdit.entitlements;
				CODE_SIGN_STYLE = Automatic;
				COMBINE_HIDPI_IMAGES = YES;
				DEVELOPMENT_TEAM = 29W9687J6A;
				ENABLE_HARDENED_RUNTIME = YES;
				INFOPLIST_FILE = GMLXcodeSourceEdit/Info.plist;
				LD_RUNPATH_SEARCH_PATHS = (
					"$(inherited)",
					"@executable_path/../Frameworks",
					"@executable_path/../../../../Frameworks",
				);
				PRODUCT_BUNDLE_IDENTIFIER = com.YM.XcodeSourceEdit.GMLXcodeSourceEdit;
				PRODUCT_NAME = "$(TARGET_NAME)";
				SKIP_INSTALL = YES;
				SWIFT_VERSION = 5.0;
			};
			name = Debug;
		};
		181D463D247775570038F6F3 /* Release */ = {
			isa = XCBuildConfiguration;
			buildSettings = {
				CODE_SIGN_ENTITLEMENTS = GMLXcodeSourceEdit/GMLXcodeSourceEdit.entitlements;
				CODE_SIGN_STYLE = Automatic;
				COMBINE_HIDPI_IMAGES = YES;
				DEVELOPMENT_TEAM = 29W9687J6A;
				ENABLE_HARDENED_RUNTIME = YES;
				INFOPLIST_FILE = GMLXcodeSourceEdit/Info.plist;
				LD_RUNPATH_SEARCH_PATHS = (
					"$(inherited)",
					"@executable_path/../Frameworks",
					"@executable_path/../../../../Frameworks",
				);
				PRODUCT_BUNDLE_IDENTIFIER = com.YM.XcodeSourceEdit.GMLXcodeSourceEdit;
				PRODUCT_NAME = "$(TARGET_NAME)";
				SKIP_INSTALL = YES;
				SWIFT_VERSION = 5.0;
			};
			name = Release;
		};
/* End XCBuildConfiguration section */

/* Begin XCConfigurationList section */
		181D45F5247774D30038F6F3 /* Build configuration list for PBXProject "XcodeSourceEdit" */ = {
			isa = XCConfigurationList;
			buildConfigurations = (
				181D461E247774D90038F6F3 /* Debug */,
				181D461F247774D90038F6F3 /* Release */,
			);
			defaultConfigurationIsVisible = 0;
			defaultConfigurationName = Release;
		};
		181D4620247774D90038F6F3 /* Build configuration list for PBXNativeTarget "XcodeSourceEditContainer" */ = {
			isa = XCConfigurationList;
			buildConfigurations = (
				181D4621247774D90038F6F3 /* Debug */,
				181D4622247774D90038F6F3 /* Release */,
			);
			defaultConfigurationIsVisible = 0;
			defaultConfigurationName = Release;
		};
		181D4623247774D90038F6F3 /* Build configuration list for PBXNativeTarget "XcodeSourceEditTests" */ = {
			isa = XCConfigurationList;
			buildConfigurations = (
				181D4624247774D90038F6F3 /* Debug */,
				181D4625247774D90038F6F3 /* Release */,
			);
			defaultConfigurationIsVisible = 0;
			defaultConfigurationName = Release;
		};
		181D4626247774D90038F6F3 /* Build configuration list for PBXNativeTarget "XcodeSourceEditUITests" */ = {
			isa = XCConfigurationList;
			buildConfigurations = (
				181D4627247774D90038F6F3 /* Debug */,
				181D4628247774D90038F6F3 /* Release */,
			);
			defaultConfigurationIsVisible = 0;
			defaultConfigurationName = Release;
		};
		181D463B247775570038F6F3 /* Build configuration list for PBXNativeTarget "GMLXcodeSourceEdit" */ = {
			isa = XCConfigurationList;
			buildConfigurations = (
				181D463C247775570038F6F3 /* Debug */,
				181D463D247775570038F6F3 /* Release */,
			);
			defaultConfigurationIsVisible = 0;
			defaultConfigurationName = Release;
		};
/* End XCConfigurationList section */
	};
	rootObject = 181D45F2247774D30038F6F3 /* Project object */;
}
